
Microsoft Visual Studio Solution File, Format Version 12.00
# Visual Studio Version 17
VisualStudioVersion = 17.6.33723.286
MinimumVisualStudioVersion = 10.0.40219.1
Project("{FAE04EC0-301F-11D3-BF4B-00C04F79EFBC}") = "Interpreter_exec", "Interpreter_exec.csproj", "{DA37C77E-BD95-47F1-9D86-C3C7BEC65C8B}"
	ProjectSection(ProjectDependencies) = postProject
		{D0F895DC-682A-4EBF-BB17-340AD8140C89} = {D0F895DC-682A-4EBF-BB17-340AD8140C89}
	EndProjectSection
EndProject
Project("{9A19103F-16F7-4668-BE54-9A1E7A4F7556}") = "Interpreter_lib", "..\interpreter-lib\Interpreter_lib.csproj", "{D0F895DC-682A-4EBF-BB17-340AD8140C89}"
EndProject
Global
	GlobalSection(SolutionConfigurationPlatforms) = preSolution
		Debug|Any CPU = Debug|Any CPU
		Release|Any CPU = Release|Any CPU
	EndGlobalSection
	GlobalSection(ProjectConfigurationPlatforms) = postSolution
		{DA37C77E-BD95-47F1-9D86-C3C7BEC65C8B}.Debug|Any CPU.ActiveCfg = Debug|Any CPU
		{DA37C77E-BD95-47F1-9D86-C3C7BEC65C8B}.Debug|Any CPU.Build.0 = Debug|Any CPU
		{DA37C77E-BD95-47F1-9D86-C3C7BEC65C8B}.Release|Any CPU.ActiveCfg = Release|Any CPU
		{DA37C77E-BD95-47F1-9D86-C3C7BEC65C8B}.Release|Any CPU.Build.0 = Release|Any CPU
		{D0F895DC-682A-4EBF-BB17-340AD8140C89}.Debug|Any CPU.ActiveCfg = Debug|Any CPU
		{D0F895DC-682A-4EBF-BB17-340AD8140C89}.Debug|Any CPU.Build.0 = Debug|Any CPU
		{D0F895DC-682A-4EBF-BB17-340AD8140C89}.Release|Any CPU.ActiveCfg = Release|Any CPU
		{D0F895DC-682A-4EBF-BB17-340AD8140C89}.Release|Any CPU.Build.0 = Release|Any CPU
	EndGlobalSection
	GlobalSection(SolutionProperties) = preSolution
		HideSolutionNode = FALSE
	EndGlobalSection
	GlobalSection(ExtensibilityGlobals) = postSolution
		SolutionGuid = {029318D5-04B6-4FA6-A358-CB2446FC3A5F}
	EndGlobalSection
EndGlobal
